# Build backend lock for the shadowscan wheel. It carries the exact
# [build-system] requires from pyproject.toml with the SHA-256 hash of every
# artifact PyPI publishes for those releases (wheel and sdist), captured from
# https://pypi.org/pypi/<name>/<version>/json on 2026-09-24.
#
# Install with --require-hashes --only-binary=:all: before building the package
# with --no-build-isolation, so pip never resolves a build backend from the live
# index on a version pin alone. The Dockerfile, CI and docs/production.md share
# this file. Keep the versions identical to pyproject.toml's [build-system]
# table; CI fails when they drift. To refresh: bump pyproject.toml, then copy
# the sha256 of every file listed by the PyPI JSON API for the new release.
setuptools==84.0.0 \
    --hash=sha256:51a52592b3b99e102b609654876bd65f19f999935166d1352678931132b0c670 \
    --hash=sha256:f4695c21257f0d9b537ec2692c941d02ee143b7cc1276941349a546573b2ef73
wheel==0.48.0 \
    --hash=sha256:3217dcc807155e45db462d7ef2431f5ddda0d7273b700d05a67b271ceb1287ab \
    --hash=sha256:94800765601e9171bf5d58d066e640662842bcedcbab982b2c90787a2c987322
# wheel 0.48.0 declares packaging>=24.0; pin it here so --require-hashes can
# resolve the backend's own dependency without consulting the live index.
packaging==26.3 \
    --hash=sha256:d7193f7c8e4e93f444fde0262bf90af30e16fa0ad0ad44cb553c87339b23cd1c \
    --hash=sha256:94edc256424af38762eb31306eed28beb9f0efc50a8837492c9d6fd6004aed79
